
Microsoft Visual Studio Solution File, Format Version 12.00
# Visual Studio 15
VisualStudioVersion = 15.0.27130.2020
MinimumVisualStudioVersion = 10.0.40219.1
Project("{2150E333-8FDC-42A3-9474-1A3956D46DE8}") = "src", "src", "{70038F94-B6C4-4C77-8C6B-DB21B782EAA1}"
EndProject
Project("{2150E333-8FDC-42A3-9474-1A3956D46DE8}") = "Test", "Test", "{550ACAEE-9ADF-486D-A110-3AE5A715F599}"
EndProject
Project("{FAE04EC0-301F-11D3-BF4B-00C04F79EFBC}") = "DataAuthority.Base64Left.API", "DataAuthority.Base64Left.API\DataAuthority.Base64Left.API.csproj", "{BC9EEBFE-3303-4284-BAFF-CA3299EBD757}"
EndProject
Project("{2150E333-8FDC-42A3-9474-1A3956D46DE8}") = "LeftAPI", "LeftAPI", "{8F2622E3-04DB-45BD-AECE-080AC50ED968}"
EndProject
Project("{2150E333-8FDC-42A3-9474-1A3956D46DE8}") = "RightAPI", "RightAPI", "{FEF60E3C-2713-47BE-A764-4D28A1B4C540}"
EndProject
Project("{FAE04EC0-301F-11D3-BF4B-00C04F79EFBC}") = "DataAuthority.Domain", "DataAuthority.Domain\DataAuthority.Domain.csproj", "{B03383A8-8544-463E-814D-4AA9A13C240A}"
EndProject
Project("{FAE04EC0-301F-11D3-BF4B-00C04F79EFBC}") = "DataAuthority.Functional.Tests", "DataAuthority.Functional.Tests\DataAuthority.Functional.Tests.csproj", "{3F8F03DF-525C-4FD5-94FF-EDA6C53A4378}"
EndProject
Project("{FAE04EC0-301F-11D3-BF4B-00C04F79EFBC}") = "DataAuthority.DataInfrastructure", "DataAuthority.DataInfrastructure\DataAuthority.DataInfrastructure.csproj", "{C9251721-15D3-4AD0-8737-CBADE698A240}"
EndProject
Project("{FAE04EC0-301F-11D3-BF4B-00C04F79EFBC}") = "DataAuthority.SqlServerEF", "DataAuthority.SqlServerEF\DataAuthority.SqlServerEF.csproj", "{75FC73E6-818A-473C-935A-EE4EF7C4F2A4}"
EndProject
Project("{FAE04EC0-301F-11D3-BF4B-00C04F79EFBC}") = "DataAuthority.UnitTest", "DataAuthority.UnitTest\DataAuthority.UnitTest.csproj", "{E5B00031-E517-4FF9-A22E-29070CAC5F20}"
EndProject
Project("{2150E333-8FDC-42A3-9474-1A3956D46DE8}") = "Command", "Command", "{0C450268-DECE-430F-B01D-A27136F3B602}"
EndProject
Project("{2150E333-8FDC-42A3-9474-1A3956D46DE8}") = "Query", "Query", "{B1C1F4E9-3B88-4ED1-95A3-73DC3EB4A88D}"
EndProject
Project("{FAE04EC0-301F-11D3-BF4B-00C04F79EFBC}") = "DataAuthority.Base64Right.API", "DataAuthority.Base64Right.API\DataAuthority.Base64Right.API.csproj", "{A69B6C55-F93E-454C-9B79-20ACCE3BCA89}"
EndProject
Project("{FAE04EC0-301F-11D3-BF4B-00C04F79EFBC}") = "DataAuthority.Base64Result.API", "DataAuthority.Base64Result.API\DataAuthority.Base64Result.API.csproj", "{B4110892-F86B-4FD5-896E-3B26DAA79BE6}"
EndProject
Project("{FAE04EC0-301F-11D3-BF4B-00C04F79EFBC}") = "DataAuthority.ApplicationService", "DataAuthority.ApplicationService\DataAuthority.ApplicationService.csproj", "{31CE2026-CB53-4FB1-B443-D5B34BE37708}"
EndProject
Global
	GlobalSection(SolutionConfigurationPlatforms) = preSolution
		Debug|Any CPU = Debug|Any CPU
		Release|Any CPU = Release|Any CPU
	EndGlobalSection
	GlobalSection(ProjectConfigurationPlatforms) = postSolution
		{BC9EEBFE-3303-4284-BAFF-CA3299EBD757}.Debug|Any CPU.ActiveCfg = Debug|Any CPU
		{BC9EEBFE-3303-4284-BAFF-CA3299EBD757}.Debug|Any CPU.Build.0 = Debug|Any CPU
		{BC9EEBFE-3303-4284-BAFF-CA3299EBD757}.Release|Any CPU.ActiveCfg = Release|Any CPU
		{BC9EEBFE-3303-4284-BAFF-CA3299EBD757}.Release|Any CPU.Build.0 = Release|Any CPU
		{B03383A8-8544-463E-814D-4AA9A13C240A}.Debug|Any CPU.ActiveCfg = Debug|Any CPU
		{B03383A8-8544-463E-814D-4AA9A13C240A}.Debug|Any CPU.Build.0 = Debug|Any CPU
		{B03383A8-8544-463E-814D-4AA9A13C240A}.Release|Any CPU.ActiveCfg = Release|Any CPU
		{B03383A8-8544-463E-814D-4AA9A13C240A}.Release|Any CPU.Build.0 = Release|Any CPU
		{3F8F03DF-525C-4FD5-94FF-EDA6C53A4378}.Debug|Any CPU.ActiveCfg = Debug|Any CPU
		{3F8F03DF-525C-4FD5-94FF-EDA6C53A4378}.Debug|Any CPU.Build.0 = Debug|Any CPU
		{3F8F03DF-525C-4FD5-94FF-EDA6C53A4378}.Release|Any CPU.ActiveCfg = Release|Any CPU
		{3F8F03DF-525C-4FD5-94FF-EDA6C53A4378}.Release|Any CPU.Build.0 = Release|Any CPU
		{C9251721-15D3-4AD0-8737-CBADE698A240}.Debug|Any CPU.ActiveCfg = Debug|Any CPU
		{C9251721-15D3-4AD0-8737-CBADE698A240}.Debug|Any CPU.Build.0 = Debug|Any CPU
		{C9251721-15D3-4AD0-8737-CBADE698A240}.Release|Any CPU.ActiveCfg = Release|Any CPU
		{C9251721-15D3-4AD0-8737-CBADE698A240}.Release|Any CPU.Build.0 = Release|Any CPU
		{75FC73E6-818A-473C-935A-EE4EF7C4F2A4}.Debug|Any CPU.ActiveCfg = Debug|Any CPU
		{75FC73E6-818A-473C-935A-EE4EF7C4F2A4}.Debug|Any CPU.Build.0 = Debug|Any CPU
		{75FC73E6-818A-473C-935A-EE4EF7C4F2A4}.Release|Any CPU.ActiveCfg = Release|Any CPU
		{75FC73E6-818A-473C-935A-EE4EF7C4F2A4}.Release|Any CPU.Build.0 = Release|Any CPU
		{E5B00031-E517-4FF9-A22E-29070CAC5F20}.Debug|Any CPU.ActiveCfg = Debug|Any CPU
		{E5B00031-E517-4FF9-A22E-29070CAC5F20}.Debug|Any CPU.Build.0 = Debug|Any CPU
		{E5B00031-E517-4FF9-A22E-29070CAC5F20}.Release|Any CPU.ActiveCfg = Release|Any CPU
		{E5B00031-E517-4FF9-A22E-29070CAC5F20}.Release|Any CPU.Build.0 = Release|Any CPU
		{A69B6C55-F93E-454C-9B79-20ACCE3BCA89}.Debug|Any CPU.ActiveCfg = Debug|Any CPU
		{A69B6C55-F93E-454C-9B79-20ACCE3BCA89}.Debug|Any CPU.Build.0 = Debug|Any CPU
		{A69B6C55-F93E-454C-9B79-20ACCE3BCA89}.Release|Any CPU.ActiveCfg = Release|Any CPU
		{A69B6C55-F93E-454C-9B79-20ACCE3BCA89}.Release|Any CPU.Build.0 = Release|Any CPU
		{B4110892-F86B-4FD5-896E-3B26DAA79BE6}.Debug|Any CPU.ActiveCfg = Debug|Any CPU
		{B4110892-F86B-4FD5-896E-3B26DAA79BE6}.Debug|Any CPU.Build.0 = Debug|Any CPU
		{B4110892-F86B-4FD5-896E-3B26DAA79BE6}.Release|Any CPU.ActiveCfg = Release|Any CPU
		{B4110892-F86B-4FD5-896E-3B26DAA79BE6}.Release|Any CPU.Build.0 = Release|Any CPU
		{31CE2026-CB53-4FB1-B443-D5B34BE37708}.Debug|Any CPU.ActiveCfg = Debug|Any CPU
		{31CE2026-CB53-4FB1-B443-D5B34BE37708}.Debug|Any CPU.Build.0 = Debug|Any CPU
		{31CE2026-CB53-4FB1-B443-D5B34BE37708}.Release|Any CPU.ActiveCfg = Release|Any CPU
		{31CE2026-CB53-4FB1-B443-D5B34BE37708}.Release|Any CPU.Build.0 = Release|Any CPU
	EndGlobalSection
	GlobalSection(SolutionProperties) = preSolution
		HideSolutionNode = FALSE
	EndGlobalSection
	GlobalSection(NestedProjects) = preSolution
		{BC9EEBFE-3303-4284-BAFF-CA3299EBD757} = {8F2622E3-04DB-45BD-AECE-080AC50ED968}
		{8F2622E3-04DB-45BD-AECE-080AC50ED968} = {0C450268-DECE-430F-B01D-A27136F3B602}
		{FEF60E3C-2713-47BE-A764-4D28A1B4C540} = {0C450268-DECE-430F-B01D-A27136F3B602}
		{B03383A8-8544-463E-814D-4AA9A13C240A} = {0C450268-DECE-430F-B01D-A27136F3B602}
		{3F8F03DF-525C-4FD5-94FF-EDA6C53A4378} = {550ACAEE-9ADF-486D-A110-3AE5A715F599}
		{C9251721-15D3-4AD0-8737-CBADE698A240} = {0C450268-DECE-430F-B01D-A27136F3B602}
		{75FC73E6-818A-473C-935A-EE4EF7C4F2A4} = {0C450268-DECE-430F-B01D-A27136F3B602}
		{E5B00031-E517-4FF9-A22E-29070CAC5F20} = {550ACAEE-9ADF-486D-A110-3AE5A715F599}
		{0C450268-DECE-430F-B01D-A27136F3B602} = {70038F94-B6C4-4C77-8C6B-DB21B782EAA1}
		{B1C1F4E9-3B88-4ED1-95A3-73DC3EB4A88D} = {70038F94-B6C4-4C77-8C6B-DB21B782EAA1}
		{A69B6C55-F93E-454C-9B79-20ACCE3BCA89} = {FEF60E3C-2713-47BE-A764-4D28A1B4C540}
		{B4110892-F86B-4FD5-896E-3B26DAA79BE6} = {B1C1F4E9-3B88-4ED1-95A3-73DC3EB4A88D}
		{31CE2026-CB53-4FB1-B443-D5B34BE37708} = {0C450268-DECE-430F-B01D-A27136F3B602}
	EndGlobalSection
	GlobalSection(ExtensibilityGlobals) = postSolution
		SolutionGuid = {3C2051EF-CBD2-4862-840E-87FF98753A27}
	EndGlobalSection
EndGlobal
